# THIS IS AN AUTOGENERATED FILE. DO NOT EDIT THIS FILE DIRECTLY.
# yarn lockfile v1


commander@^9.0.0:
  version "9.5.0"
  resolved "https://registry.yarnpkg.com/commander/-/commander-9.5.0.tgz#bc08d1eb5cedf7ccb797a96199d41c7bc3e60d30"
  integrity sha512-KRs7WVDKg86PWiuAqhDrAQnTXZKraVcCc6vFdL14qrZ/DcWwuRo7VoiYXalXO7S5GKpqYiVEwCbgFDfxNHKJBQ==

github-slugger@^2.0.0:
  version "2.0.0"
  resolved "https://registry.yarnpkg.com/github-slugger/-/github-slugger-2.0.0.tgz#52cf2f9279a21eb6c59dd385b410f0c0adda8f1a"
  integrity sha512-IaOQ9puYtjrkq7Y0Ygl9KDZnrf/aiUJYUpVf89y8kyaxbRG7Y1SrX/jaumrv81vc61+kiMempujsM3Yw7w5qcw==

jquery@^3.7.1:
  version "3.7.1"
  resolved "https://registry.yarnpkg.com/jquery/-/jquery-3.7.1.tgz#083ef98927c9a6a74d05a6af02806566d16274de"
  integrity sha512-m4avr8yL8kmFN8psrbFFFmB/If14iN5o9nw/NgnnM+kybDJpRsAynV2BsfpTYrTRysYUdADVD7CkUUizgkpLfg==

marked-gfm-heading-id@^3.1.1:
  version "3.1.1"
  resolved "https://registry.yarnpkg.com/marked-gfm-heading-id/-/marked-gfm-heading-id-3.1.1.tgz#d68846dcc56d29ac2f818bac4d66844dc3049815"
  integrity sha512-PATvg4bpYxYY7SiTkknZWNiuKtfgpIctCHsbCHZiEUB+7eZ6SjGMlpL//X0JzE3/Z9B9aqLgQS9UTMFfYs6CEg==
  dependencies:
    github-slugger "^2.0.0"

marked@^10.0.0:
  version "10.0.0"
  resolved "https://registry.yarnpkg.com/marked/-/marked-10.0.0.tgz#7fe1805bb908433d760e2de0fcc8841a2b2d745c"
  integrity sha512-YiGcYcWj50YrwBgNzFoYhQ1hT6GmQbFG8SksnYJX1z4BXTHSOrz1GB5/Jm2yQvMg4nN1FHP4M6r03R10KrVUiA==

showdown@^2.1.0:
  version "2.1.0"
  resolved "https://registry.yarnpkg.com/showdown/-/showdown-2.1.0.tgz#1251f5ed8f773f0c0c7bfc8e6fd23581f9e545c5"
  integrity sha512-/6NVYu4U819R2pUIk79n67SYgJHWCce0a5xTP979WbNp0FL9MN1I1QK662IDU1b6JzKTvmhgI7T7JYIxBi3kMQ==
  dependencies:
    commander "^9.0.0"
